
Microsoft Visual Studio Solution File, Format Version 12.00
# Visual Studio Version 16
VisualStudioVersion = 25.0.1703.0
MinimumVisualStudioVersion = 10.0.40219.1
Project("{FAE04EC0-301F-11D3-BF4B-00C04F79EFBC}") = "HolidaySearch", "HolidaySearch.csproj", "{2B67F78C-ED25-40EE-86F8-55D0DB90744E}"
EndProject
Project("{FAE04EC0-301F-11D3-BF4B-00C04F79EFBC}") = "HolidaySearchTests", "..\HolidaySearchTests\HolidaySearchTests.csproj", "{C87FE585-6C7B-4A2F-A21B-A76BEB5097F3}"
EndProject
Global
	GlobalSection(SolutionConfigurationPlatforms) = preSolution
		Debug|Any CPU = Debug|Any CPU
		Release|Any CPU = Release|Any CPU
	EndGlobalSection
	GlobalSection(ProjectConfigurationPlatforms) = postSolution
		{2B67F78C-ED25-40EE-86F8-55D0DB90744E}.Debug|Any CPU.ActiveCfg = Debug|Any CPU
		{2B67F78C-ED25-40EE-86F8-55D0DB90744E}.Debug|Any CPU.Build.0 = Debug|Any CPU
		{2B67F78C-ED25-40EE-86F8-55D0DB90744E}.Release|Any CPU.ActiveCfg = Release|Any CPU
		{2B67F78C-ED25-40EE-86F8-55D0DB90744E}.Release|Any CPU.Build.0 = Release|Any CPU
		{C87FE585-6C7B-4A2F-A21B-A76BEB5097F3}.Debug|Any CPU.ActiveCfg = Debug|Any CPU
		{C87FE585-6C7B-4A2F-A21B-A76BEB5097F3}.Debug|Any CPU.Build.0 = Debug|Any CPU
		{C87FE585-6C7B-4A2F-A21B-A76BEB5097F3}.Release|Any CPU.ActiveCfg = Release|Any CPU
		{C87FE585-6C7B-4A2F-A21B-A76BEB5097F3}.Release|Any CPU.Build.0 = Release|Any CPU
	EndGlobalSection
	GlobalSection(SolutionProperties) = preSolution
		HideSolutionNode = FALSE
	EndGlobalSection
	GlobalSection(ExtensibilityGlobals) = postSolution
		SolutionGuid = {57149E87-6473-4BD4-8D67-4A47E8D5EB55}
	EndGlobalSection
EndGlobal
